// !$*UTF8*$!
{
	archiveVersion = 1;
	classes = {
	};
	objectVersion = 46;
	objects = {

/* Begin PBXBuildFile section */
		3F8AE7671C5140D3007F150B /* AppDelegate.swift in Sources */ = {isa = PBXBuildFile; fileRef = 3F8AE7661C5140D3007F150B /* AppDelegate.swift */; };
		3F8AE7691C5140D3007F150B /* ViewController.swift in Sources */ = {isa = PBXBuildFile; fileRef = 3F8AE7681C5140D3007F150B /* ViewController.swift */; };
		3F8AE76C1C5140D3007F150B /* Main.storyboard in Resources */ = {isa = PBXBuildFile; fileRef = 3F8AE76A1C5140D3007F150B /* Main.storyboard */; };
		3F8AE76E1C5140D3007F150B /* Assets.xcassets in Resources */ = {isa = PBXBuildFile; fileRef = 3F8AE76D1C5140D3007F150B /* Assets.xcassets */; };
		3F8AE7711C5140D3007F150B /* LaunchScreen.storyboard in Resources */ = {isa = PBXBuildFile; fileRef = 3F8AE76F1C5140D3007F150B /* LaunchScreen.storyboard */; };
		3F8AE77C1C5140D3007F150B /* NewCollegeProfileTests.swift in Sources */ = {isa = PBXBuildFile; fileRef = 3F8AE77B1C5140D3007F150B /* NewCollegeProfileTests.swift */; };
		3F8AE7871C5140D3007F150B /* NewCollegeProfileUITests.swift in Sources */ = {isa = PBXBuildFile; fileRef = 3F8AE7861C5140D3007F150B /* NewCollegeProfileUITests.swift */; };
		3F8AE7951C514214007F150B /* College.swift in Sources */ = {isa = PBXBuildFile; fileRef = 3F8AE7941C514214007F150B /* College.swift */; };
		3F8AE7971C52950E007F150B /* DetailViewController.swift in Sources */ = {isa = PBXBuildFile; fileRef = 3F8AE7961C52950E007F150B /* DetailViewController.swift */; };
/* End PBXBuildFile section */

/* Begin PBXContainerItemProxy section */
		3F8AE7781C5140D3007F150B /* PBXContainerItemProxy */ = {
			isa = PBXContainerItemProxy;
			containerPortal = 3F8AE75B1C5140D3007F150B /* Project object */;
			proxyType = 1;
			remoteGlobalIDString = 3F8AE7621C5140D3007F150B;
			remoteInfo = NewCollegeProfile;
		};
		3F8AE7831C5140D3007F150B /* PBXContainerItemProxy */ = {
			isa = PBXContainerItemProxy;
			containerPortal = 3F8AE75B1C5140D3007F150B /* Project object */;
			proxyType = 1;
			remoteGlobalIDString = 3F8AE7621C5140D3007F150B;
			remoteInfo = NewCollegeProfile;
		};
/* End PBXContainerItemProxy section */

/* Begin PBXFileReference section */
		3F8AE7631C5140D3007F150B /* NewCollegeProfile.app */ = {isa = PBXFileReference; explicitFileType = wrapper.application; includeInIndex = 0; path = NewCollegeProfile.app; sourceTree = BUILT_PRODUCTS_DIR; };
		3F8AE7661C5140D3007F150B /* AppDelegate.swift */ = {isa = PBXFileReference; lastKnownFileType = sourcecode.swift; path = AppDelegate.swift; sourceTree = "<group>"; };
		3F8AE7681C5140D3007F150B /* ViewController.swift */ = {isa = PBXFileReference; lastKnownFileType = sourcecode.swift; path = ViewController.swift; sourceTree = "<group>"; };
		3F8AE76B1C5140D3007F150B /* Base */ = {isa = PBXFileReference; lastKnownFileType = file.storyboard; name = Base; path = Base.lproj/Main.storyboard; sourceTree = "<group>"; };
		3F8AE76D1C5140D3007F150B /* Assets.xcassets */ = {isa = PBXFileReference; lastKnownFileType = folder.assetcatalog; path = Assets.xcassets; sourceTree = "<group>"; };
		3F8AE7701C5140D3007F150B /* Base */ = {isa = PBXFileReference; lastKnownFileType = file.storyboard; name = Base; path = Base.lproj/LaunchScreen.storyboard; sourceTree = "<group>"; };
		3F8AE7721C5140D3007F150B /* Info.plist */ = {isa = PBXFileReference; lastKnownFileType = text.plist.xml; path = Info.plist; sourceTree = "<group>"; };
		3F8AE7771C5140D3007F150B /* NewCollegeProfileTests.xctest */ = {isa = PBXFileReference; explicitFileType = wrapper.cfbundle; includeInIndex = 0; path = NewCollegeProfileTests.xctest; sourceTree = BUILT_PRODUCTS_DIR; };
		3F8AE77B1C5140D3007F150B /* NewCollegeProfileTests.swift */ = {isa = PBXFileReference; lastKnownFileType = sourcecode.swift; path = NewCollegeProfileTests.swift; sourceTree = "<group>"; };
		3F8AE77D1C5140D3007F150B /* Info.plist */ = {isa = PBXFileReference; lastKnownFileType = text.plist.xml; path = Info.plist; sourceTree = "<group>"; };
		3F8AE7821C5140D3007F150B /* NewCollegeProfileUITests.xctest */ = {isa = PBXFileReference; explicitFileType = wrapper.cfbundle; includeInIndex = 0; path = NewCollegeProfileUITests.xctest; sourceTree = BUILT_PRODUCTS_DIR; };
		3F8AE7861C5140D3007F150B /* NewCollegeProfileUITests.swift */ = {isa = PBXFileReference; lastKnownFileType = sourcecode.swift; path = NewCollegeProfileUITests.swift; sourceTree = "<group>"; };
		3F8AE7881C5140D3007F150B /* Info.plist */ = {isa = PBXFileReference; lastKnownFileType = text.plist.xml; path = Info.plist; sourceTree = "<group>"; };
		3F8AE7941C514214007F150B /* College.swift */ = {isa = PBXFileReference; fileEncoding = 4; lastKnownFileType = sourcecode.swift; path = College.swift; sourceTree = "<group>"; };
		3F8AE7961C52950E007F150B /* DetailViewController.swift */ = {isa = PBXFileReference; fileEncoding = 4; lastKnownFileType = sourcecode.swift; path = DetailViewController.swift; sourceTree = "<group>"; };
/* End PBXFileReference section */

/* Begin PBXFrameworksBuildPhase section */
		3F8AE7601C5140D3007F150B /* Frameworks */ = {
			isa = PBXFrameworksBuildPhase;
			buildActionMask = 2147483647;
			files = (
			);
			runOnlyForDeploymentPostprocessing = 0;
		};
		3F8AE7741C5140D3007F150B /* Frameworks */ = {
			isa = PBXFrameworksBuildPhase;
			buildActionMask = 2147483647;
			files = (
			);
			runOnlyForDeploymentPostprocessing = 0;
		};
		3F8AE77F1C5140D3007F150B /* Frameworks */ = {
			isa = PBXFrameworksBuildPhase;
			buildActionMask = 2147483647;
			files = (
			);
			runOnlyForDeploymentPostprocessing = 0;
		};
/* End PBXFrameworksBuildPhase section */

/* Begin PBXGroup section */
		3F8AE75A1C5140D3007F150B = {
			isa = PBXGroup;
			children = (
				3F8AE7651C5140D3007F150B /* NewCollegeProfile */,
				3F8AE77A1C5140D3007F150B /* NewCollegeProfileTests */,
				3F8AE7851C5140D3007F150B /* NewCollegeProfileUITests */,
				3F8AE7641C5140D3007F150B /* Products */,
			);
			sourceTree = "<group>";
		};
		3F8AE7641C5140D3007F150B /* Products */ = {
			isa = PBXGroup;
			children = (
				3F8AE7631C5140D3007F150B /* NewCollegeProfile.app */,
				3F8AE7771C5140D3007F150B /* NewCollegeProfileTests.xctest */,
				3F8AE7821C5140D3007F150B /* NewCollegeProfileUITests.xctest */,
			);
			name = Products;
			sourceTree = "<group>";
		};
		3F8AE7651C5140D3007F150B /* NewCollegeProfile */ = {
			isa = PBXGroup;
			children = (
				3F8AE7661C5140D3007F150B /* AppDelegate.swift */,
				3F8AE7681C5140D3007F150B /* ViewController.swift */,
				3F8AE76A1C5140D3007F150B /* Main.storyboard */,
				3F8AE7961C52950E007F150B /* DetailViewController.swift */,
				3F8AE7941C514214007F150B /* College.swift */,
				3F8AE76D1C5140D3007F150B /* Assets.xcassets */,
				3F8AE76F1C5140D3007F150B /* LaunchScreen.storyboard */,
				3F8AE7721C5140D3007F150B /* Info.plist */,
			);
			path = NewCollegeProfile;
			sourceTree = "<group>";
		};
		3F8AE77A1C5140D3007F150B /* NewCollegeProfileTests */ = {
			isa = PBXGroup;
			children = (
				3F8AE77B1C5140D3007F150B /* NewCollegeProfileTests.swift */,
				3F8AE77D1C5140D3007F150B /* Info.plist */,
			);
			path = NewCollegeProfileTests;
			sourceTree = "<group>";
		};
		3F8AE7851C5140D3007F150B /* NewCollegeProfileUITests */ = {
			isa = PBXGroup;
			children = (
				3F8AE7861C5140D3007F150B /* NewCollegeProfileUITests.swift */,
				3F8AE7881C5140D3007F150B /* Info.plist */,
			);
			path = NewCollegeProfileUITests;
			sourceTree = "<group>";
		};
/* End PBXGroup section */

/* Begin PBXNativeTarget section */
		3F8AE7621C5140D3007F150B /* NewCollegeProfile */ = {
			isa = PBXNativeTarget;
			buildConfigurationList = 3F8AE78B1C5140D3007F150B /* Build configuration list for PBXNativeTarget "NewCollegeProfile" */;
			buildPhases = (
				3F8AE75F1C5140D3007F150B /* Sources */,
				3F8AE7601C5140D3007F150B /* Frameworks */,
				3F8AE7611C5140D3007F150B /* Resources */,
			);
			buildRules = (
			);
			dependencies = (
			);
			name = NewCollegeProfile;
			productName = NewCollegeProfile;
			productReference = 3F8AE7631C5140D3007F150B /* NewCollegeProfile.app */;
			productType = "com.apple.product-type.application";
		};
		3F8AE7761C5140D3007F150B /* NewCollegeProfileTests */ = {
			isa = PBXNativeTarget;
			buildConfigurationList = 3F8AE78E1C5140D3007F150B /* Build configuration list for PBXNativeTarget "NewCollegeProfileTests" */;
			buildPhases = (
				3F8AE7731C5140D3007F150B /* Sources */,
				3F8AE7741C5140D3007F150B /* Frameworks */,
				3F8AE7751C5140D3007F150B /* Resources */,
			);
			buildRules = (
			);
			dependencies = (
				3F8AE7791C5140D3007F150B /* PBXTargetDependency */,
			);
			name = NewCollegeProfileTests;
			productName = NewCollegeProfileTests;
			productReference = 3F8AE7771C5140D3007F150B /* NewCollegeProfileTests.xctest */;
			productType = "com.apple.product-type.bundle.unit-test";
		};
		3F8AE7811C5140D3007F150B /* NewCollegeProfileUITests */ = {
			isa = PBXNativeTarget;
			buildConfigurationList = 3F8AE7911C5140D3007F150B /* Build configuration list for PBXNativeTarget "NewCollegeProfileUITests" */;
			buildPhases = (
				3F8AE77E1C5140D3007F150B /* Sources */,
				3F8AE77F1C5140D3007F150B /* Frameworks */,
				3F8AE7801C5140D3007F150B /* Resources */,
			);
			buildRules = (
			);
			dependencies = (
				3F8AE7841C5140D3007F150B /* PBXTargetDependency */,
			);
			name = NewCollegeProfileUITests;
			productName = NewCollegeProfileUITests;
			productReference = 3F8AE7821C5140D3007F150B /* NewCollegeProfileUITests.xctest */;
			productType = "com.apple.product-type.bundle.ui-testing";
		};
/* End PBXNativeTarget section */

/* Begin PBXProject section */
		3F8AE75B1C5140D3007F150B /* Project object */ = {
			isa = PBXProject;
			attributes = {
				LastSwiftUpdateCheck = 0720;
				LastUpgradeCheck = 0720;
				ORGANIZATIONNAME = sgolding;
				TargetAttributes = {
					3F8AE7621C5140D3007F150B = {
						CreatedOnToolsVersion = 7.2;
					};
					3F8AE7761C5140D3007F150B = {
						CreatedOnToolsVersion = 7.2;
						TestTargetID = 3F8AE7621C5140D3007F150B;
					};
					3F8AE7811C5140D3007F150B = {
						CreatedOnToolsVersion = 7.2;
						TestTargetID = 3F8AE7621C5140D3007F150B;
					};
				};
			};
			buildConfigurationList = 3F8AE75E1C5140D3007F150B /* Build configuration list for PBXProject "NewCollegeProfile" */;
			compatibilityVersion = "Xcode 3.2";
			developmentRegion = English;
			hasScannedForEncodings = 0;
			knownRegions = (
				en,
				Base,
			);
			mainGroup = 3F8AE75A1C5140D3007F150B;
			productRefGroup = 3F8AE7641C5140D3007F150B /* Products */;
			projectDirPath = "";
			projectRoot = "";
			targets = (
				3F8AE7621C5140D3007F150B /* NewCollegeProfile */,
				3F8AE7761C5140D3007F150B /* NewCollegeProfileTests */,
				3F8AE7811C5140D3007F150B /* NewCollegeProfileUITests */,
			);
		};
/* End PBXProject section */

/* Begin PBXResourcesBuildPhase section */
		3F8AE7611C5140D3007F150B /* Resources */ = {
			isa = PBXResourcesBuildPhase;
			buildActionMask = 2147483647;
			files = (
				3F8AE7711C5140D3007F150B /* LaunchScreen.storyboard in Resources */,
				3F8AE76E1C5140D3007F150B /* Assets.xcassets in Resources */,
				3F8AE76C1C5140D3007F150B /* Main.storyboard in Resources */,
			);
			runOnlyForDeploymentPostprocessing = 0;
		};
		3F8AE7751C5140D3007F150B /* Resources */ = {
			isa = PBXResourcesBuildPhase;
			buildActionMask = 2147483647;
			files = (
			);
			runOnlyForDeploymentPostprocessing = 0;
		};
		3F8AE7801C5140D3007F150B /* Resources */ = {
			isa = PBXResourcesBuildPhase;
			buildActionMask = 2147483647;
			files = (
			);
			runOnlyForDeploymentPostprocessing = 0;
		};
/* End PBXResourcesBuildPhase section */

/* Begin PBXSourcesBuildPhase section */
		3F8AE75F1C5140D3007F150B /* Sources */ = {
			isa = PBXSourcesBuildPhase;
			buildActionMask = 2147483647;
			files = (
				3F8AE7691C5140D3007F150B /* ViewController.swift in Sources */,
				3F8AE7671C5140D3007F150B /* AppDelegate.swift in Sources */,
				3F8AE7951C514214007F150B /* College.swift in Sources */,
				3F8AE7971C52950E007F150B /* DetailViewController.swift in Sources */,
			);
			runOnlyForDeploymentPostprocessing = 0;
		};
		3F8AE7731C5140D3007F150B /* Sources */ = {
			isa = PBXSourcesBuildPhase;
			buildActionMask = 2147483647;
			files = (
				3F8AE77C1C5140D3007F150B /* NewCollegeProfileTests.swift in Sources */,
			);
			runOnlyForDeploymentPostprocessing = 0;
		};
		3F8AE77E1C5140D3007F150B /* Sources */ = {
			isa = PBXSourcesBuildPhase;
			buildActionMask = 2147483647;
			files = (
				3F8AE7871C5140D3007F150B /* NewCollegeProfileUITests.swift in Sources */,
			);
			runOnlyForDeploymentPostprocessing = 0;
		};
/* End PBXSourcesBuildPhase section */

/* Begin PBXTargetDependency section */
		3F8AE7791C5140D3007F150B /* PBXTargetDependency */ = {
			isa = PBXTargetDependency;
			target = 3F8AE7621C5140D3007F150B /* NewCollegeProfile */;
			targetProxy = 3F8AE7781C5140D3007F150B /* PBXContainerItemProxy */;
		};
		3F8AE7841C5140D3007F150B /* PBXTargetDependency */ = {
			isa = PBXTargetDependency;
			target = 3F8AE7621C5140D3007F150B /* NewCollegeProfile */;
			targetProxy = 3F8AE7831C5140D3007F150B /* PBXContainerItemProxy */;
		};
/* End PBXTargetDependency section */

/* Begin PBXVariantGroup section */
		3F8AE76A1C5140D3007F150B /* Main.storyboard */ = {
			isa = PBXVariantGroup;
			children = (
				3F8AE76B1C5140D3007F150B /* Base */,
			);
			name = Main.storyboard;
			sourceTree = "<group>";
		};
		3F8AE76F1C5140D3007F150B /* LaunchScreen.storyboard */ = {
			isa = PBXVariantGroup;
			children = (
				3F8AE7701C5140D3007F150B /* Base */,
			);
			name = LaunchScreen.storyboard;
			sourceTree = "<group>";
		};
/* End PBXVariantGroup section */

/* Begin XCBuildConfiguration section */
		3F8AE7891C5140D3007F150B /* Debug */ = {
			isa = XCBuildConfiguration;
			buildSettings = {
				ALWAYS_SEARCH_USER_PATHS = NO;
				CLANG_CXX_LANGUAGE_STANDARD = "gnu++0x";
				CLANG_CXX_LIBRARY = "libc++";
				CLANG_ENABLE_MODULES = YES;
				CLANG_ENABLE_OBJC_ARC = YES;
				CLANG_WARN_BOOL_CONVERSION = YES;
				CLANG_WARN_CONSTANT_CONVERSION = YES;
				CLANG_WARN_DIRECT_OBJC_ISA_USAGE = YES_ERROR;
				CLANG_WARN_EMPTY_BODY = YES;
				CLANG_WARN_ENUM_CONVERSION = YES;
				CLANG_WARN_INT_CONVERSION = YES;
				CLANG_WARN_OBJC_ROOT_CLASS = YES_ERROR;
				CLANG_WARN_UNREACHABLE_CODE = YES;
				CLANG_WARN__DUPLICATE_METHOD_MATCH = YES;
				"CODE_SIGN_IDENTITY[sdk=iphoneos*]" = "iPhone Developer";
				COPY_PHASE_STRIP = NO;
				DEBUG_INFORMATION_FORMAT = dwarf;
				ENABLE_STRICT_OBJC_MSGSEND = YES;
				ENABLE_TESTABILITY = YES;
				GCC_C_LANGUAGE_STANDARD = gnu99;
				GCC_DYNAMIC_NO_PIC = NO;
				GCC_NO_COMMON_BLOCKS = YES;
				GCC_OPTIMIZATION_LEVEL = 0;
				GCC_PREPROCESSOR_DEFINITIONS = (
					"DEBUG=1",
					"$(inherited)",
				);
				GCC_WARN_64_TO_32_BIT_CONVERSION = YES;
				GCC_WARN_ABOUT_RETURN_TYPE = YES_ERROR;
				GCC_WARN_UNDECLARED_SELECTOR = YES;
				GCC_WARN_UNINITIALIZED_AUTOS = YES_AGGRESSIVE;
				GCC_WARN_UNUSED_FUNCTION = YES;
				GCC_WARN_UNUSED_VARIABLE = YES;
				IPHONEOS_DEPLOYMENT_TARGET = 9.2;
				MTL_ENABLE_DEBUG_INFO = YES;
				ONLY_ACTIVE_ARCH = YES;
				SDKROOT = iphoneos;
				SWIFT_OPTIMIZATION_LEVEL = "-Onone";
				TARGETED_DEVICE_FAMILY = "1,2";
			};
			name = Debug;
		};
		3F8AE78A1C5140D3007F150B /* Release */ = {
			isa = XCBuildConfiguration;
			buildSettings = {
				ALWAYS_SEARCH_USER_PATHS = NO;
				CLANG_CXX_LANGUAGE_STANDARD = "gnu++0x";
				CLANG_CXX_LIBRARY = "libc++";
				CLANG_ENABLE_MODULES = YES;
				CLANG_ENABLE_OBJC_ARC = YES;
				CLANG_WARN_BOOL_CONVERSION = YES;
				CLANG_WARN_CONSTANT_CONVERSION = YES;
				CLANG_WARN_DIRECT_OBJC_ISA_USAGE = YES_ERROR;
				CLANG_WARN_EMPTY_BODY = YES;
				CLANG_WARN_ENUM_CONVERSION = YES;
				CLANG_WARN_INT_CONVERSION = YES;
				CLANG_WARN_OBJC_ROOT_CLASS = YES_ERROR;
				CLANG_WARN_UNREACHABLE_CODE = YES;
				CLANG_WARN__DUPLICATE_METHOD_MATCH = YES;
				"CODE_SIGN_IDENTITY[sdk=iphoneos*]" = "iPhone Developer";
				COPY_PHASE_STRIP = NO;
				DEBUG_INFORMATION_FORMAT = "dwarf-with-dsym";
				ENABLE_NS_ASSERTIONS = NO;
				ENABLE_STRICT_OBJC_MSGSEND = YES;
				GCC_C_LANGUAGE_STANDARD = gnu99;
				GCC_NO_COMMON_BLOCKS = YES;
				GCC_WARN_64_TO_32_BIT_CONVERSION = YES;
				GCC_WARN_ABOUT_RETURN_TYPE = YES_ERROR;
				GCC_WARN_UNDECLARED_SELECTOR = YES;
				GCC_WARN_UNINITIALIZED_AUTOS = YES_AGGRESSIVE;
				GCC_WARN_UNUSED_FUNCTION = YES;
				GCC_WARN_UNUSED_VARIABLE = YES;
				IPHONEOS_DEPLOYMENT_TARGET = 9.2;
				MTL_ENABLE_DEBUG_INFO = NO;
				SDKROOT = iphoneos;
				TARGETED_DEVICE_FAMILY = "1,2";
				VALIDATE_PRODUCT = YES;
			};
			name = Release;
		};
		3F8AE78C1C5140D3007F150B /* Debug */ = {
			isa = XCBuildConfiguration;
			buildSettings = {
				ASSETCATALOG_COMPILER_APPICON_NAME = AppIcon;
				INFOPLIST_FILE = NewCollegeProfile/Info.plist;
				LD_RUNPATH_SEARCH_PATHS = "$(inherited) @executable_path/Frameworks";
				PRODUCT_BUNDLE_IDENTIFIER = golding.NewCollegeProfile;
				PRODUCT_NAME = "$(TARGET_NAME)";
			};
			name = Debug;
		};
		3F8AE78D1C5140D3007F150B /* Release */ = {
			isa = XCBuildConfiguration;
			buildSettings = {
				ASSETCATALOG_COMPILER_APPICON_NAME = AppIcon;
				INFOPLIST_FILE = NewCollegeProfile/Info.plist;
				LD_RUNPATH_SEARCH_PATHS = "$(inherited) @executable_path/Frameworks";
				PRODUCT_BUNDLE_IDENTIFIER = golding.NewCollegeProfile;
				PRODUCT_NAME = "$(TARGET_NAME)";
			};
			name = Release;
		};
		3F8AE78F1C5140D3007F150B /* Debug */ = {
			isa = XCBuildConfiguration;
			buildSettings = {
				BUNDLE_LOADER = "$(TEST_HOST)";
				INFOPLIST_FILE = NewCollegeProfileTests/Info.plist;
				LD_RUNPATH_SEARCH_PATHS = "$(inherited) @executable_path/Frameworks @loader_path/Frameworks";
				PRODUCT_BUNDLE_IDENTIFIER = golding.NewCollegeProfileTests;
				PRODUCT_NAME = "$(TARGET_NAME)";
				TEST_HOST = "$(BUILT_PRODUCTS_DIR)/NewCollegeProfile.app/NewCollegeProfile";
			};
			name = Debug;
		};
		3F8AE7901C5140D3007F150B /* Release */ = {
			isa = XCBuildConfiguration;
			buildSettings = {
				BUNDLE_LOADER = "$(TEST_HOST)";
				INFOPLIST_FILE = NewCollegeProfileTests/Info.plist;
				LD_RUNPATH_SEARCH_PATHS = "$(inherited) @executable_path/Frameworks @loader_path/Frameworks";
				PRODUCT_BUNDLE_IDENTIFIER = golding.NewCollegeProfileTests;
				PRODUCT_NAME = "$(TARGET_NAME)";
				TEST_HOST = "$(BUILT_PRODUCTS_DIR)/NewCollegeProfile.app/NewCollegeProfile";
			};
			name = Release;
		};
		3F8AE7921C5140D3007F150B /* Debug */ = {
			isa = XCBuildConfiguration;
			buildSettings = {
				INFOPLIST_FILE = NewCollegeProfileUITests/Info.plist;
				LD_RUNPATH_SEARCH_PATHS = "$(inherited) @executable_path/Frameworks @loader_path/Frameworks";
				PRODUCT_BUNDLE_IDENTIFIER = golding.NewCollegeProfileUITests;
				PRODUCT_NAME = "$(TARGET_NAME)";
				TEST_TARGET_NAME = NewCollegeProfile;
				USES_XCTRUNNER = YES;
			};
			name = Debug;
		};
		3F8AE7931C5140D3007F150B /* Release */ = {
			isa = XCBuildConfiguration;
			buildSettings = {
				INFOPLIST_FILE = NewCollegeProfileUITests/Info.plist;
				LD_RUNPATH_SEARCH_PATHS = "$(inherited) @executable_path/Frameworks @loader_path/Frameworks";
				PRODUCT_BUNDLE_IDENTIFIER = golding.NewCollegeProfileUITests;
				PRODUCT_NAME = "$(TARGET_NAME)";
				TEST_TARGET_NAME = NewCollegeProfile;
				USES_XCTRUNNER = YES;
			};
			name = Release;
		};
/* End XCBuildConfiguration section */

/* Begin XCConfigurationList section */
		3F8AE75E1C5140D3007F150B /* Build configuration list for PBXProject "NewCollegeProfile" */ = {
			isa = XCConfigurationList;
			buildConfigurations = (
				3F8AE7891C5140D3007F150B /* Debug */,
				3F8AE78A1C5140D3007F150B /* Release */,
			);
			defaultConfigurationIsVisible = 0;
			defaultConfigurationName = Release;
		};
		3F8AE78B1C5140D3007F150B /* Build configuration list for PBXNativeTarget "NewCollegeProfile" */ = {
			isa = XCConfigurationList;
			buildConfigurations = (
				3F8AE78C1C5140D3007F150B /* Debug */,
				3F8AE78D1C5140D3007F150B /* Release */,
			);
			defaultConfigurationIsVisible = 0;
			defaultConfigurationName = Release;
		};
		3F8AE78E1C5140D3007F150B /* Build configuration list for PBXNativeTarget "NewCollegeProfileTests" */ = {
			isa = XCConfigurationList;
			buildConfigurations = (
				3F8AE78F1C5140D3007F150B /* Debug */,
				3F8AE7901C5140D3007F150B /* Release */,
			);
			defaultConfigurationIsVisible = 0;
			defaultConfigurationName = Release;
		};
		3F8AE7911C5140D3007F150B /* Build configuration list for PBXNativeTarget "NewCollegeProfileUITests" */ = {
			isa = XCConfigurationList;
			buildConfigurations = (
				3F8AE7921C5140D3007F150B /* Debug */,
				3F8AE7931C5140D3007F150B /* Release */,
			);
			defaultConfigurationIsVisible = 0;
			defaultConfigurationName = Release;
		};
/* End XCConfigurationList section */
	};
	rootObject = 3F8AE75B1C5140D3007F150B /* Project object */;
}
